
Microsoft Visual Studio Solution File, Format Version 12.00
# Visual Studio Version 16
VisualStudioVersion = 16.0.29709.97
MinimumVisualStudioVersion = 10.0.40219.1
Project("{8BC9CEB8-8B4A-11D0-8D11-00A0C91BC942}") = "Sandbox", "Sandbox\Sandbox.vcxproj", "{D77979E8-9D05-4D7C-A554-7E7C9D531E55}"
EndProject
Project("{8BC9CEB8-8B4A-11D0-8D11-00A0C91BC942}") = "Hazel", "Hazel\Hazel.vcxproj", "{C51F596C-7BE9-46CF-820E-C7073C55B797}"
EndProject
Global
	GlobalSection(SolutionConfigurationPlatforms) = preSolution
		Debug|x64 = Debug|x64
		Release|x64 = Release|x64
	EndGlobalSection
	GlobalSection(ProjectConfigurationPlatforms) = postSolution
		{C51F596C-7BE9-46CF-820E-C7073C55B797}.Debug|x64.ActiveCfg = Debug|x64
		{C51F596C-7BE9-46CF-820E-C7073C55B797}.Debug|x64.Build.0 = Debug|x64
		{C51F596C-7BE9-46CF-820E-C7073C55B797}.Release|x64.ActiveCfg = Release|x64
		{C51F596C-7BE9-46CF-820E-C7073C55B797}.Release|x64.Build.0 = Release|x64
		{D77979E8-9D05-4D7C-A554-7E7C9D531E55}.Debug|x64.ActiveCfg = Debug|x64
		{D77979E8-9D05-4D7C-A554-7E7C9D531E55}.Debug|x64.Build.0 = Debug|x64
		{D77979E8-9D05-4D7C-A554-7E7C9D531E55}.Release|x64.ActiveCfg = Release|x64
		{D77979E8-9D05-4D7C-A554-7E7C9D531E55}.Release|x64.Build.0 = Release|x64
	EndGlobalSection
	GlobalSection(SolutionProperties) = preSolution
		HideSolutionNode = FALSE
	EndGlobalSection
	GlobalSection(ExtensibilityGlobals) = postSolution
		SolutionGuid = {B69CA5FB-FFC5-4F97-ADEC-B3EA818C6035}
	EndGlobalSection
EndGlobal
